
Microsoft Visual Studio Solution File, Format Version 12.00
# Visual Studio Version 17
VisualStudioVersion = 17.5.33209.295
MinimumVisualStudioVersion = 10.0.40219.1
Project("{FAE04EC0-301F-11D3-BF4B-00C04F79EFBC}") = "StudentManagementForm", "StudentManagementForm\StudentManagementForm.csproj", "{56747AC3-20C8-4680-95F2-28938DFEC8D6}"
EndProject
Global
	GlobalSection(SolutionConfigurationPlatforms) = preSolution
		Debug|Any CPU = Debug|Any CPU
		Release|Any CPU = Release|Any CPU
	EndGlobalSection
	GlobalSection(ProjectConfigurationPlatforms) = postSolution
		{56747AC3-20C8-4680-95F2-28938DFEC8D6}.Debug|Any CPU.ActiveCfg = Debug|Any CPU
		{56747AC3-20C8-4680-95F2-28938DFEC8D6}.Debug|Any CPU.Build.0 = Debug|Any CPU
		{56747AC3-20C8-4680-95F2-28938DFEC8D6}.Release|Any CPU.ActiveCfg = Release|Any CPU
		{56747AC3-20C8-4680-95F2-28938DFEC8D6}.Release|Any CPU.Build.0 = Release|Any CPU
	EndGlobalSection
	GlobalSection(SolutionProperties) = preSolution
		HideSolutionNode = FALSE
	EndGlobalSection
	GlobalSection(ExtensibilityGlobals) = postSolution
		SolutionGuid = {4C3D4A54-CD60-4D70-BB4B-BE979069A79E}
	EndGlobalSection
EndGlobal
